
Microsoft Visual Studio Solution File, Format Version 12.00
# Visual Studio Version 17
VisualStudioVersion = 17.1.32421.90
MinimumVisualStudioVersion = 10.0.40219.1
Project("{FAE04EC0-301F-11D3-BF4B-00C04F79EFBC}") = "AdminApplication", "AdminApplication.csproj", "{7693ADB0-2BBB-474C-A19C-8F247012E7DD}"
EndProject
Global
	GlobalSection(SolutionConfigurationPlatforms) = preSolution
		Debug|Any CPU = Debug|Any CPU
		Release|Any CPU = Release|Any CPU
	EndGlobalSection
	GlobalSection(ProjectConfigurationPlatforms) = postSolution
		{7693ADB0-2BBB-474C-A19C-8F247012E7DD}.Debug|Any CPU.ActiveCfg = Debug|Any CPU
		{7693ADB0-2BBB-474C-A19C-8F247012E7DD}.Debug|Any CPU.Build.0 = Debug|Any CPU
		{7693ADB0-2BBB-474C-A19C-8F247012E7DD}.Release|Any CPU.ActiveCfg = Release|Any CPU
		{7693ADB0-2BBB-474C-A19C-8F247012E7DD}.Release|Any CPU.Build.0 = Release|Any CPU
	EndGlobalSection
	GlobalSection(SolutionProperties) = preSolution
		HideSolutionNode = FALSE
	EndGlobalSection
	GlobalSection(ExtensibilityGlobals) = postSolution
		SolutionGuid = {308A0604-AF6F-48C1-8E78-83C8CC0558CD}
	EndGlobalSection
EndGlobal
